
Microsoft Visual Studio Solution File, Format Version 12.00
# Visual Studio Version 17
VisualStudioVersion = 17.0.32014.148
MinimumVisualStudioVersion = 10.0.40219.1
Project("{FAE04EC0-301F-11D3-BF4B-00C04F79EFBC}") = "InterfaceProgram", "InterfaceProgram\InterfaceProgram.csproj", "{93CE85D4-0126-432C-8A4F-9D87E8C08647}"
EndProject
Global
	GlobalSection(SolutionConfigurationPlatforms) = preSolution
		Debug|Any CPU = Debug|Any CPU
		Release|Any CPU = Release|Any CPU
	EndGlobalSection
	GlobalSection(ProjectConfigurationPlatforms) = postSolution
		{93CE85D4-0126-432C-8A4F-9D87E8C08647}.Debug|Any CPU.ActiveCfg = Debug|Any CPU
		{93CE85D4-0126-432C-8A4F-9D87E8C08647}.Debug|Any CPU.Build.0 = Debug|Any CPU
		{93CE85D4-0126-432C-8A4F-9D87E8C08647}.Release|Any CPU.ActiveCfg = Release|Any CPU
		{93CE85D4-0126-432C-8A4F-9D87E8C08647}.Release|Any CPU.Build.0 = Release|Any CPU
	EndGlobalSection
	GlobalSection(SolutionProperties) = preSolution
		HideSolutionNode = FALSE
	EndGlobalSection
	GlobalSection(ExtensibilityGlobals) = postSolution
		SolutionGuid = {E63B1CA0-A461-4D13-A60B-336BCB239C9A}
	EndGlobalSection
EndGlobal
